{
  "name": "pareto-liana-to-pareto",
  "version": "0.1.4",
  "lockfileVersion": 3,
  "requires": true,
  "packages": {
    "": {
      "name": "pareto-liana-to-pareto",
      "version": "0.1.4",
      "license": "Apache-2.0",
      "dependencies": {
        "astn": "^0.113.109",
        "astn-core": "^0.5.0",
        "liana-core": "^0.1.0",
        "pareto": "file:../../../pareto/typescript/lib",
        "pareto-application-api": "^0.1.0",
        "pareto-common": "^0.1.67",
        "pareto-core": "^0.1.0",
        "pareto-core-dev": "^0.12.0",
        "pareto-core-shorthands": "^0.2.0",
        "pareto-filesystem-unrestricted-api": "^0.1.0",
        "pareto-fountain-pen": "^0.4.0",
        "pareto-liana": "^0.1.0",
        "pareto-stream-api": "^0.1.0"
      }
    },
    "../../../pareto/typescript/lib": {
      "name": "pareto",
      "version": "0.80.74",
      "license": "Apache-2.0",
      "dependencies": {
        "astn-core": "^0.5.0",
        "liana-core": "^0.1.0",
        "pareto-common": "^0.1.0",
        "pareto-core": "^0.1.0",
        "pareto-core-dev": "^0.12.0",
        "pareto-core-shorthands": "^0.2.0",
        "pareto-filesystem-unrestricted-api": "^0.1.0",
        "pareto-fountain-pen": "^0.4.0"
      }
    },
    "node_modules/astn": {
      "version": "0.113.109",
      "resolved": "https://registry.npmjs.org/astn/-/astn-0.113.109.tgz",
      "integrity": "sha512-kzz7hOoaMhJgx5fuMQp4+u64cO64cQ7Z0kWlXZwVDb5TliFQ3CokrQ3eeZd+c7uhqc0phXD3J0Eyi6A4GcxCaQ==",
      "license": "Apache-2.0",
      "dependencies": {
        "astn-core": "^0.5.0",
        "liana-core": "^0.1.0",
        "pareto-application-api": "^0.1.0",
        "pareto-common": "^0.1.0",
        "pareto-core": "^0.1.0",
        "pareto-filesystem-unrestricted-api": "^0.1.0",
        "pareto-fountain-pen": "^0.4.0",
        "pareto-json": "^0.3.0",
        "pareto-stream-api": "^0.1.0"
      },
      "engines": {
        "node": ">=14.0.0"
      }
    },
    "node_modules/astn-core": {
      "version": "0.5.157",
      "resolved": "https://registry.npmjs.org/astn-core/-/astn-core-0.5.157.tgz",
      "integrity": "sha512-/+SUeZzcrkA+iJf0BSE/Fa6fHW25QH3wd4QoWYlUyg4EE6Q6ybQXeJJ3V1EtJwTiGoVP/wA0DKnwpkuXEyd+Kg==",
      "license": "Apache-2.0",
      "dependencies": {
        "pareto-core": "^0.1.0",
        "pareto-fountain-pen": "^0.4.0"
      }
    },
    "node_modules/liana-core": {
      "version": "0.1.58",
      "resolved": "https://registry.npmjs.org/liana-core/-/liana-core-0.1.58.tgz",
      "integrity": "sha512-CcYAfw7LExS5cLTa5SI4ELkmOasmjxkaxdoXqfd7I2mki4YCbiHYI1E5BoE2Xp2sbni7+S43cp7VnOD/rejPSw==",
      "license": "Apache-2.0",
      "dependencies": {
        "astn-core": "^0.5.0",
        "pareto-core": "^0.1.0",
        "pareto-fountain-pen": "^0.4.0"
      }
    },
    "node_modules/pareto": {
      "resolved": "../../../pareto/typescript/lib",
      "link": true
    },
    "node_modules/pareto-application-api": {
      "version": "0.1.9",
      "resolved": "https://registry.npmjs.org/pareto-application-api/-/pareto-application-api-0.1.9.tgz",
      "integrity": "sha512-RP6luiJ1wIgfymy42oC91lMYlPZ90j2wlDjfBMYnF5Ttkxc7ppI0qtEozYSQvB2FA6d3FEudum2EOF+feECQQQ==",
      "license": "Apache-2.0",
      "dependencies": {
        "pareto-core": "^0.1.0"
      }
    },
    "node_modules/pareto-common": {
      "version": "0.1.67",
      "resolved": "https://registry.npmjs.org/pareto-common/-/pareto-common-0.1.67.tgz",
      "integrity": "sha512-Q81Hf4g73aViVrz/4SOgs4LpT+EqRSotFKgyLI9DGHPK4NaJLPYRMlsfX4FLZSdR4IlzHwMsWceOK7DcfhIPBg==",
      "license": "Apache-2.0",
      "dependencies": {
        "pareto-application-api": "^0.1.0",
        "pareto-core": "^0.1.0",
        "pareto-filesystem-unrestricted-api": "^0.1.0",
        "pareto-fountain-pen": "^0.4.0",
        "pareto-stream-api": "^0.1.0"
      },
      "engines": {
        "node": ">=14.0.0"
      }
    },
    "node_modules/pareto-core": {
      "version": "0.1.314",
      "resolved": "https://registry.npmjs.org/pareto-core/-/pareto-core-0.1.314.tgz",
      "integrity": "sha512-nKqWlt46zj0zC8kGOcrondQ/I3No/h5rRwhdATxZQFZrCwfpKIFom3KrwyxuSLoJhfciZ4n6L16xz9RPKcCYGA==",
      "license": "Apache-2.0"
    },
    "node_modules/pareto-core-dev": {
      "version": "0.12.25",
      "resolved": "https://registry.npmjs.org/pareto-core-dev/-/pareto-core-dev-0.12.25.tgz",
      "integrity": "sha512-uHoN4nh9z1YsqkSA3vlsd6uSe1b237aXhmbRKGvX/gAd/s058/8Vb58526mqs9vWgaiF7u5JoPbFEYCbV1zFhw==",
      "license": "Apache-2.0",
      "dependencies": {
        "pareto-core": "^0.1.0"
      }
    },
    "node_modules/pareto-core-shorthands": {
      "version": "0.2.62",
      "resolved": "https://registry.npmjs.org/pareto-core-shorthands/-/pareto-core-shorthands-0.2.62.tgz",
      "integrity": "sha512-/SJvh+7MYb3XXZOwnO6OrdeSYQwRzT8iyeWGBReOqYZSr70OFQswA+IJdhE9imNtVn0oG5SuVmVLS9ZM97sbHQ==",
      "license": "Apache-2.0",
      "dependencies": {
        "pareto-core": "^0.1.0"
      }
    },
    "node_modules/pareto-filesystem-unrestricted-api": {
      "version": "0.1.32",
      "resolved": "https://registry.npmjs.org/pareto-filesystem-unrestricted-api/-/pareto-filesystem-unrestricted-api-0.1.32.tgz",
      "integrity": "sha512-OFBSpCIVjCEHrSTT1v/WnyCdSww9oowhFk3x7/Xf502b8WGvKswvFoxkB+lSLbcjUkB6tw9LOpy/SoaV0Nl/+Q==",
      "license": "Apache-2.0",
      "dependencies": {
        "pareto-core": "^0.1.0",
        "pareto-fountain-pen": "^0.4.0"
      }
    },
    "node_modules/pareto-fountain-pen": {
      "version": "0.4.118",
      "resolved": "https://registry.npmjs.org/pareto-fountain-pen/-/pareto-fountain-pen-0.4.118.tgz",
      "integrity": "sha512-BeKeeph2nQnbvXuHxRVyB1a8ie3twKyVIV1pJL6R5kisISk1HJCt8cv3SMcKUAAzUHDjdGd5EJFgQKp33Jp4/w==",
      "license": "Apache-2.0",
      "dependencies": {
        "pareto-core": "^0.1.0",
        "pareto-core-shorthands": "^0.2.0"
      },
      "engines": {
        "node": ">=14.0.0"
      }
    },
    "node_modules/pareto-json": {
      "version": "0.3.105",
      "resolved": "https://registry.npmjs.org/pareto-json/-/pareto-json-0.3.105.tgz",
      "integrity": "sha512-jywqppapjvS3s9BENmucqNywfN9jWnf+lTRUC9BIFv0XusA598ZnMmxluD7LcE1mGEHFHBLspHFoPCPbAMXhyA==",
      "license": "Apache-2.0",
      "dependencies": {
        "astn-core": "^0.5.0",
        "pareto-core": "^0.1.0",
        "pareto-core-shorthands": "^0.2.0",
        "pareto-fountain-pen": "^0.4.0"
      },
      "engines": {
        "node": ">=14.0.0"
      }
    },
    "node_modules/pareto-liana": {
      "version": "0.1.80",
      "resolved": "https://registry.npmjs.org/pareto-liana/-/pareto-liana-0.1.80.tgz",
      "integrity": "sha512-5eTlo9S143xU2TmbgwzHqeqoq0MNChPc3VlLOelLAb5hHTOs3MY0jtnGRqYIsUuoEubpqV1USkqVIFIiIBObag==",
      "license": "Apache-2.0",
      "dependencies": {
        "liana-core": "^0.1.0",
        "pareto-application-api": "^0.1.0",
        "pareto-core": "^0.1.0",
        "pareto-core-dev": "^0.12.0",
        "pareto-core-shorthands": "^0.2.0",
        "pareto-filesystem-unrestricted-api": "^0.1.0",
        "pareto-fountain-pen": "^0.4.0",
        "pareto-stream-api": "^0.1.0"
      }
    },
    "node_modules/pareto-stream-api": {
      "version": "0.1.39",
      "resolved": "https://registry.npmjs.org/pareto-stream-api/-/pareto-stream-api-0.1.39.tgz",
      "integrity": "sha512-8dlFhM03ggNJjb2ZD7kX3bXfzEhJUYvErLJe/Uijh9y5eqWQGLAYF9A0IaMEqn65aXDJiFkLeBsOcTQGQ7enIg==",
      "license": "Apache-2.0",
      "dependencies": {
        "pareto-core": "^0.1.0"
      }
    }
  }
}
